Microsoft Visual Studio Solution File, Format Version 12.00
# Visual Studio Version 17
VisualStudioVersion = 17.5.2.0
MinimumVisualStudioVersion = 10.0.40219.1
Project("{2150E333-8FDC-42A3-9474-1A3956D46DE8}") = "ctrader", "ctrader", "{1741890B-128B-6BB6-013E-B1606281EE92}"
EndProject
Project("{FAE04EC0-301F-11D3-BF4B-00C04F79EFBC}") = "ConsolidationZoneHighlighter", "ctrader\ConsolidationZoneHighlighter\ConsolidationZoneHighlighter.csproj", "{F64FEEC2-9678-A1B4-76CE-2546F650D004}"
EndProject
Global
	GlobalSection(SolutionConfigurationPlatforms) = preSolution
		Debug|Any CPU = Debug|Any CPU
		Release|Any CPU = Release|Any CPU
	EndGlobalSection
	GlobalSection(ProjectConfigurationPlatforms) = postSolution
		{F64FEEC2-9678-A1B4-76CE-2546F650D004}.Debug|Any CPU.ActiveCfg = Debug|Any CPU
		{F64FEEC2-9678-A1B4-76CE-2546F650D004}.Debug|Any CPU.Build.0 = Debug|Any CPU
		{F64FEEC2-9678-A1B4-76CE-2546F650D004}.Release|Any CPU.ActiveCfg = Release|Any CPU
		{F64FEEC2-9678-A1B4-76CE-2546F650D004}.Release|Any CPU.Build.0 = Release|Any CPU
	EndGlobalSection
	GlobalSection(SolutionProperties) = preSolution
		HideSolutionNode = FALSE
	EndGlobalSection
	GlobalSection(NestedProjects) = preSolution
		{F64FEEC2-9678-A1B4-76CE-2546F650D004} = {1741890B-128B-6BB6-013E-B1606281EE92}
	EndGlobalSection
	GlobalSection(ExtensibilityGlobals) = postSolution
		SolutionGuid = {70F75B63-F746-4876-B23A-EEC5CA785D30}
	EndGlobalSection
EndGlobal
